
Microsoft Visual Studio Solution File, Format Version 12.00
# Visual Studio Version 17
VisualStudioVersion = 17.5.002.0
MinimumVisualStudioVersion = 10.0.40219.1
Project("{9A19103F-16F7-4668-BE54-9A1E7A4F7556}") = "C#Console", "C#Console.csproj", "{4F34A44A-E2CD-441F-8FF1-E60F5E6834BB}"
EndProject
Global
	GlobalSection(SolutionConfigurationPlatforms) = preSolution
		Debug|Any CPU = Debug|Any CPU
		Release|Any CPU = Release|Any CPU
	EndGlobalSection
	GlobalSection(ProjectConfigurationPlatforms) = postSolution
		{4F34A44A-E2CD-441F-8FF1-E60F5E6834BB}.Debug|Any CPU.ActiveCfg = Debug|Any CPU
		{4F34A44A-E2CD-441F-8FF1-E60F5E6834BB}.Debug|Any CPU.Build.0 = Debug|Any CPU
		{4F34A44A-E2CD-441F-8FF1-E60F5E6834BB}.Release|Any CPU.ActiveCfg = Release|Any CPU
		{4F34A44A-E2CD-441F-8FF1-E60F5E6834BB}.Release|Any CPU.Build.0 = Release|Any CPU
	EndGlobalSection
	GlobalSection(SolutionProperties) = preSolution
		HideSolutionNode = FALSE
	EndGlobalSection
	GlobalSection(ExtensibilityGlobals) = postSolution
		SolutionGuid = {9D596301-6346-451C-99E0-24E1DA4B38BB}
	EndGlobalSection
EndGlobal
